// !$*UTF8*$!
{
	archiveVersion = 1;
	classes = {
	};
	objectVersion = 48;
	objects = {

/* Begin PBXBuildFile section */
		5506756B1F90ADEF00874D8B /* BackgroundStyles.swift in Sources */ = {isa = PBXBuildFile; fileRef = 5506756A1F90ADEF00874D8B /* BackgroundStyles.swift */; };
		558A12451F7D7865005EC97C /* AppDelegate.swift in Sources */ = {isa = PBXBuildFile; fileRef = 558A12441F7D7865005EC97C /* AppDelegate.swift */; };
		558A12471F7D7865005EC97C /* ViewController.swift in Sources */ = {isa = PBXBuildFile; fileRef = 558A12461F7D7865005EC97C /* ViewController.swift */; };
		558A124A1F7D7865005EC97C /* Main.storyboard in Resources */ = {isa = PBXBuildFile; fileRef = 558A12481F7D7865005EC97C /* Main.storyboard */; };
		558A124C1F7D7865005EC97C /* Assets.xcassets in Resources */ = {isa = PBXBuildFile; fileRef = 558A124B1F7D7865005EC97C /* Assets.xcassets */; };
		558A124F1F7D7865005EC97C /* LaunchScreen.storyboard in Resources */ = {isa = PBXBuildFile; fileRef = 558A124D1F7D7865005EC97C /* LaunchScreen.storyboard */; };
		55DADE761F7D7AEA001B11A2 /* BulletinDataSource.swift in Sources */ = {isa = PBXBuildFile; fileRef = 55DADE751F7D7AEA001B11A2 /* BulletinDataSource.swift */; };
		55DADE781F7D8B29001B11A2 /* PetSelectorBulletinPage.swift in Sources */ = {isa = PBXBuildFile; fileRef = 55DADE771F7D8B29001B11A2 /* PetSelectorBulletinPage.swift */; };
		55DADE7C1F7E3A53001B11A2 /* FeedbackGenerators.swift in Sources */ = {isa = PBXBuildFile; fileRef = 55DADE7B1F7E3A53001B11A2 /* FeedbackGenerators.swift */; };
		55DADE811F7E3C0B001B11A2 /* FeedbackPageBulletinItem.swift in Sources */ = {isa = PBXBuildFile; fileRef = 55DADE801F7E3C0B001B11A2 /* FeedbackPageBulletinItem.swift */; };
		55DADE831F7E4204001B11A2 /* PermissionsManager.swift in Sources */ = {isa = PBXBuildFile; fileRef = 55DADE821F7E4204001B11A2 /* PermissionsManager.swift */; };
		55DADE851F7E592F001B11A2 /* CollectionUtilities.swift in Sources */ = {isa = PBXBuildFile; fileRef = 55DADE841F7E592F001B11A2 /* CollectionUtilities.swift */; };
		55DADE911F7ED65E001B11A2 /* BulletinBoard.framework in Frameworks */ = {isa = PBXBuildFile; fileRef = 55DADE901F7ED65E001B11A2 /* BulletinBoard.framework */; };
		55DADE921F7ED65E001B11A2 /* BulletinBoard.framework in Embed Frameworks */ = {isa = PBXBuildFile; fileRef = 55DADE901F7ED65E001B11A2 /* BulletinBoard.framework */; settings = {ATTRIBUTES = (CodeSignOnCopy, RemoveHeadersOnCopy, ); }; };
		652A87ED1FA24C8B006CDCF6 /* TextFieldBulletinPage.swift in Sources */ = {isa = PBXBuildFile; fileRef = 652A87EC1FA24C8B006CDCF6 /* TextFieldBulletinPage.swift */; };
/* End PBXBuildFile section */

/* Begin PBXCopyFilesBuildPhase section */
		55DADE8F1F7ED659001B11A2 /* Embed Frameworks */ = {
			isa = PBXCopyFilesBuildPhase;
			buildActionMask = 2147483647;
			dstPath = "";
			dstSubfolderSpec = 10;
			files = (
				55DADE921F7ED65E001B11A2 /* BulletinBoard.framework in Embed Frameworks */,
			);
			name = "Embed Frameworks";
			runOnlyForDeploymentPostprocessing = 0;
		};
/* End PBXCopyFilesBuildPhase section */

/* Begin PBXFileReference section */
		5506756A1F90ADEF00874D8B /* BackgroundStyles.swift */ = {isa = PBXFileReference; lastKnownFileType = sourcecode.swift; path = BackgroundStyles.swift; sourceTree = "<group>"; };
		558A12411F7D7865005EC97C /* Example.app */ = {isa = PBXFileReference; explicitFileType = wrapper.application; includeInIndex = 0; path = Example.app; sourceTree = BUILT_PRODUCTS_DIR; };
		558A12441F7D7865005EC97C /* AppDelegate.swift */ = {isa = PBXFileReference; lastKnownFileType = sourcecode.swift; path = AppDelegate.swift; sourceTree = "<group>"; };
		558A12461F7D7865005EC97C /* ViewController.swift */ = {isa = PBXFileReference; lastKnownFileType = sourcecode.swift; path = ViewController.swift; sourceTree = "<group>"; };
		558A12491F7D7865005EC97C /* Base */ = {isa = PBXFileReference; lastKnownFileType = file.storyboard; name = Base; path = Base.lproj/Main.storyboard; sourceTree = "<group>"; };
		558A124B1F7D7865005EC97C /* Assets.xcassets */ = {isa = PBXFileReference; lastKnownFileType = folder.assetcatalog; path = Assets.xcassets; sourceTree = "<group>"; };
		558A124E1F7D7865005EC97C /* Base */ = {isa = PBXFileReference; lastKnownFileType = file.storyboard; name = Base; path = Base.lproj/LaunchScreen.storyboard; sourceTree = "<group>"; };
		558A12501F7D7865005EC97C /* Info.plist */ = {isa = PBXFileReference; lastKnownFileType = text.plist.xml; path = Info.plist; sourceTree = "<group>"; };
		55DADE751F7D7AEA001B11A2 /* BulletinDataSource.swift */ = {isa = PBXFileReference; lastKnownFileType = sourcecode.swift; path = BulletinDataSource.swift; sourceTree = "<group>"; };
		55DADE771F7D8B29001B11A2 /* PetSelectorBulletinPage.swift */ = {isa = PBXFileReference; lastKnownFileType = sourcecode.swift; path = PetSelectorBulletinPage.swift; sourceTree = "<group>"; };
		55DADE7B1F7E3A53001B11A2 /* FeedbackGenerators.swift */ = {isa = PBXFileReference; lastKnownFileType = sourcecode.swift; path = FeedbackGenerators.swift; sourceTree = "<group>"; };
		55DADE801F7E3C0B001B11A2 /* FeedbackPageBulletinItem.swift */ = {isa = PBXFileReference; lastKnownFileType = sourcecode.swift; path = FeedbackPageBulletinItem.swift; sourceTree = "<group>"; };
		55DADE821F7E4204001B11A2 /* PermissionsManager.swift */ = {isa = PBXFileReference; lastKnownFileType = sourcecode.swift; path = PermissionsManager.swift; sourceTree = "<group>"; };
		55DADE841F7E592F001B11A2 /* CollectionUtilities.swift */ = {isa = PBXFileReference; lastKnownFileType = sourcecode.swift; path = CollectionUtilities.swift; sourceTree = "<group>"; };
		55DADE901F7ED65E001B11A2 /* BulletinBoard.framework */ = {isa = PBXFileReference; explicitFileType = wrapper.framework; path = BulletinBoard.framework; sourceTree = BUILT_PRODUCTS_DIR; };
		652A87EC1FA24C8B006CDCF6 /* TextFieldBulletinPage.swift */ = {isa = PBXFileReference; lastKnownFileType = sourcecode.swift; path = TextFieldBulletinPage.swift; sourceTree = "<group>"; };
/* End PBXFileReference section */

/* Begin PBXFrameworksBuildPhase section */
		558A123E1F7D7865005EC97C /* Frameworks */ = {
			isa = PBXFrameworksBuildPhase;
			buildActionMask = 2147483647;
			files = (
				55DADE911F7ED65E001B11A2 /* BulletinBoard.framework in Frameworks */,
			);
			runOnlyForDeploymentPostprocessing = 0;
		};
/* End PBXFrameworksBuildPhase section */

/* Begin PBXGroup section */
		558A12381F7D7865005EC97C = {
			isa = PBXGroup;
			children = (
				55DADE901F7ED65E001B11A2 /* BulletinBoard.framework */,
				558A12431F7D7865005EC97C /* Sources */,
				558A12421F7D7865005EC97C /* Products */,
			);
			sourceTree = "<group>";
		};
		558A12421F7D7865005EC97C /* Products */ = {
			isa = PBXGroup;
			children = (
				558A12411F7D7865005EC97C /* Example.app */,
			);
			name = Products;
			sourceTree = "<group>";
		};
		558A12431F7D7865005EC97C /* Sources */ = {
			isa = PBXGroup;
			children = (
				558A12461F7D7865005EC97C /* ViewController.swift */,
				55DADE7F1F7E3BE6001B11A2 /* Bulletin */,
				55DADE7D1F7E3BBA001B11A2 /* Supporting Files */,
			);
			path = Sources;
			sourceTree = "<group>";
		};
		55DADE7D1F7E3BBA001B11A2 /* Supporting Files */ = {
			isa = PBXGroup;
			children = (
				558A12441F7D7865005EC97C /* AppDelegate.swift */,
				55DADE841F7E592F001B11A2 /* CollectionUtilities.swift */,
				55DADE7B1F7E3A53001B11A2 /* FeedbackGenerators.swift */,
				55DADE821F7E4204001B11A2 /* PermissionsManager.swift */,
				558A12481F7D7865005EC97C /* Main.storyboard */,
				558A124B1F7D7865005EC97C /* Assets.xcassets */,
				558A124D1F7D7865005EC97C /* LaunchScreen.storyboard */,
				558A12501F7D7865005EC97C /* Info.plist */,
			);
			name = "Supporting Files";
			sourceTree = "<group>";
		};
		55DADE7F1F7E3BE6001B11A2 /* Bulletin */ = {
			isa = PBXGroup;
			children = (
				55DADE751F7D7AEA001B11A2 /* BulletinDataSource.swift */,
				55DADE771F7D8B29001B11A2 /* PetSelectorBulletinPage.swift */,
				55DADE801F7E3C0B001B11A2 /* FeedbackPageBulletinItem.swift */,
				5506756A1F90ADEF00874D8B /* BackgroundStyles.swift */,
				652A87EC1FA24C8B006CDCF6 /* TextFieldBulletinPage.swift */,
			);
			name = Bulletin;
			sourceTree = "<group>";
		};
/* End PBXGroup section */

/* Begin PBXNativeTarget section */
		558A12401F7D7865005EC97C /* Example */ = {
			isa = PBXNativeTarget;
			buildConfigurationList = 558A12531F7D7865005EC97C /* Build configuration list for PBXNativeTarget "Example" */;
			buildPhases = (
				558A123D1F7D7865005EC97C /* Sources */,
				558A123E1F7D7865005EC97C /* Frameworks */,
				558A123F1F7D7865005EC97C /* Resources */,
				55DADE8F1F7ED659001B11A2 /* Embed Frameworks */,
			);
			buildRules = (
			);
			dependencies = (
			);
			name = Example;
			productName = Example;
			productReference = 558A12411F7D7865005EC97C /* Example.app */;
			productType = "com.apple.product-type.application";
		};
/* End PBXNativeTarget section */

/* Begin PBXProject section */
		558A12391F7D7865005EC97C /* Project object */ = {
			isa = PBXProject;
			attributes = {
				LastSwiftUpdateCheck = 0910;
				LastUpgradeCheck = 0910;
				ORGANIZATIONNAME = "Alexis Aubry";
				TargetAttributes = {
					558A12401F7D7865005EC97C = {
						CreatedOnToolsVersion = 9.1;
						ProvisioningStyle = Automatic;
					};
				};
			};
			buildConfigurationList = 558A123C1F7D7865005EC97C /* Build configuration list for PBXProject "Example" */;
			compatibilityVersion = "Xcode 8.0";
			developmentRegion = en;
			hasScannedForEncodings = 0;
			knownRegions = (
				en,
				Base,
			);
			mainGroup = 558A12381F7D7865005EC97C;
			productRefGroup = 558A12421F7D7865005EC97C /* Products */;
			projectDirPath = "";
			projectRoot = "";
			targets = (
				558A12401F7D7865005EC97C /* Example */,
			);
		};
/* End PBXProject section */

/* Begin PBXResourcesBuildPhase section */
		558A123F1F7D7865005EC97C /* Resources */ = {
			isa = PBXResourcesBuildPhase;
			buildActionMask = 2147483647;
			files = (
				558A124F1F7D7865005EC97C /* LaunchScreen.storyboard in Resources */,
				558A124C1F7D7865005EC97C /* Assets.xcassets in Resources */,
				558A124A1F7D7865005EC97C /* Main.storyboard in Resources */,
			);
			runOnlyForDeploymentPostprocessing = 0;
		};
/* End PBXResourcesBuildPhase section */

/* Begin PBXSourcesBuildPhase section */
		558A123D1F7D7865005EC97C /* Sources */ = {
			isa = PBXSourcesBuildPhase;
			buildActionMask = 2147483647;
			files = (
				558A12471F7D7865005EC97C /* ViewController.swift in Sources */,
				55DADE851F7E592F001B11A2 /* CollectionUtilities.swift in Sources */,
				5506756B1F90ADEF00874D8B /* BackgroundStyles.swift in Sources */,
				55DADE831F7E4204001B11A2 /* PermissionsManager.swift in Sources */,
				55DADE7C1F7E3A53001B11A2 /* FeedbackGenerators.swift in Sources */,
				55DADE781F7D8B29001B11A2 /* PetSelectorBulletinPage.swift in Sources */,
				558A12451F7D7865005EC97C /* AppDelegate.swift in Sources */,
				55DADE761F7D7AEA001B11A2 /* BulletinDataSource.swift in Sources */,
				55DADE811F7E3C0B001B11A2 /* FeedbackPageBulletinItem.swift in Sources */,
				652A87ED1FA24C8B006CDCF6 /* TextFieldBulletinPage.swift in Sources */,
			);
			runOnlyForDeploymentPostprocessing = 0;
		};
/* End PBXSourcesBuildPhase section */

/* Begin PBXVariantGroup section */
		558A12481F7D7865005EC97C /* Main.storyboard */ = {
			isa = PBXVariantGroup;
			children = (
				558A12491F7D7865005EC97C /* Base */,
			);
			name = Main.storyboard;
			sourceTree = "<group>";
		};
		558A124D1F7D7865005EC97C /* LaunchScreen.storyboard */ = {
			isa = PBXVariantGroup;
			children = (
				558A124E1F7D7865005EC97C /* Base */,
			);
			name = LaunchScreen.storyboard;
			sourceTree = "<group>";
		};
/* End PBXVariantGroup section */

/* Begin XCBuildConfiguration section */
		558A12511F7D7865005EC97C /* Debug */ = {
			isa = XCBuildConfiguration;
			buildSettings = {
				ALWAYS_SEARCH_USER_PATHS = NO;
				CLANG_ANALYZER_NONNULL = YES;
				CLANG_ANALYZER_NUMBER_OBJECT_CONVERSION = YES_AGGRESSIVE;
				CLANG_CXX_LANGUAGE_STANDARD = "gnu++14";
				CLANG_CXX_LIBRARY = "libc++";
				CLANG_ENABLE_MODULES = YES;
				CLANG_ENABLE_OBJC_ARC = YES;
				CLANG_WARN_BLOCK_CAPTURE_AUTORELEASING = YES;
				CLANG_WARN_BOOL_CONVERSION = YES;
				CLANG_WARN_COMMA = YES;
				CLANG_WARN_CONSTANT_CONVERSION = YES;
				CLANG_WARN_DIRECT_OBJC_ISA_USAGE = YES_ERROR;
				CLANG_WARN_DOCUMENTATION_COMMENTS = YES;
				CLANG_WARN_EMPTY_BODY = YES;
				CLANG_WARN_ENUM_CONVERSION = YES;
				CLANG_WARN_INFINITE_RECURSION = YES;
				CLANG_WARN_INT_CONVERSION = YES;
				CLANG_WARN_NON_LITERAL_NULL_CONVERSION = YES;
				CLANG_WARN_OBJC_LITERAL_CONVERSION = YES;
				CLANG_WARN_OBJC_ROOT_CLASS = YES_ERROR;
				CLANG_WARN_RANGE_LOOP_ANALYSIS = YES;
				CLANG_WARN_STRICT_PROTOTYPES = YES;
				CLANG_WARN_SUSPICIOUS_MOVE = YES;
				CLANG_WARN_UNGUARDED_AVAILABILITY = YES_AGGRESSIVE;
				CLANG_WARN_UNREACHABLE_CODE = YES;
				CLANG_WARN__DUPLICATE_METHOD_MATCH = YES;
				CODE_SIGN_IDENTITY = "iPhone Developer";
				COPY_PHASE_STRIP = NO;
				DEBUG_INFORMATION_FORMAT = dwarf;
				ENABLE_STRICT_OBJC_MSGSEND = YES;
				ENABLE_TESTABILITY = YES;
				GCC_C_LANGUAGE_STANDARD = gnu11;
				GCC_DYNAMIC_NO_PIC = NO;
				GCC_NO_COMMON_BLOCKS = YES;
				GCC_OPTIMIZATION_LEVEL = 0;
				GCC_PREPROCESSOR_DEFINITIONS = (
					"DEBUG=1",
					"$(inherited)",
				);
				GCC_WARN_64_TO_32_BIT_CONVERSION = YES;
				GCC_WARN_ABOUT_RETURN_TYPE = YES_ERROR;
				GCC_WARN_UNDECLARED_SELECTOR = YES;
				GCC_WARN_UNINITIALIZED_AUTOS = YES_AGGRESSIVE;
				GCC_WARN_UNUSED_FUNCTION = YES;
				GCC_WARN_UNUSED_VARIABLE = YES;
				IPHONEOS_DEPLOYMENT_TARGET = 11.1;
				MTL_ENABLE_DEBUG_INFO = YES;
				ONLY_ACTIVE_ARCH = YES;
				SDKROOT = iphoneos;
				SWIFT_ACTIVE_COMPILATION_CONDITIONS = DEBUG;
				SWIFT_OPTIMIZATION_LEVEL = "-Onone";
			};
			name = Debug;
		};
		558A12521F7D7865005EC97C /* Release */ = {
			isa = XCBuildConfiguration;
			buildSettings = {
				ALWAYS_SEARCH_USER_PATHS = NO;
				CLANG_ANALYZER_NONNULL = YES;
				CLANG_ANALYZER_NUMBER_OBJECT_CONVERSION = YES_AGGRESSIVE;
				CLANG_CXX_LANGUAGE_STANDARD = "gnu++14";
				CLANG_CXX_LIBRARY = "libc++";
				CLANG_ENABLE_MODULES = YES;
				CLANG_ENABLE_OBJC_ARC = YES;
				CLANG_WARN_BLOCK_CAPTURE_AUTORELEASING = YES;
				CLANG_WARN_BOOL_CONVERSION = YES;
				CLANG_WARN_COMMA = YES;
				CLANG_WARN_CONSTANT_CONVERSION = YES;
				CLANG_WARN_DIRECT_OBJC_ISA_USAGE = YES_ERROR;
				CLANG_WARN_DOCUMENTATION_COMMENTS = YES;
				CLANG_WARN_EMPTY_BODY = YES;
				CLANG_WARN_ENUM_CONVERSION = YES;
				CLANG_WARN_INFINITE_RECURSION = YES;
				CLANG_WARN_INT_CONVERSION = YES;
				CLANG_WARN_NON_LITERAL_NULL_CONVERSION = YES;
				CLANG_WARN_OBJC_LITERAL_CONVERSION = YES;
				CLANG_WARN_OBJC_ROOT_CLASS = YES_ERROR;
				CLANG_WARN_RANGE_LOOP_ANALYSIS = YES;
				CLANG_WARN_STRICT_PROTOTYPES = YES;
				CLANG_WARN_SUSPICIOUS_MOVE = YES;
				CLANG_WARN_UNGUARDED_AVAILABILITY = YES_AGGRESSIVE;
				CLANG_WARN_UNREACHABLE_CODE = YES;
				CLANG_WARN__DUPLICATE_METHOD_MATCH = YES;
				CODE_SIGN_IDENTITY = "iPhone Developer";
				COPY_PHASE_STRIP = NO;
				DEBUG_INFORMATION_FORMAT = "dwarf-with-dsym";
				ENABLE_NS_ASSERTIONS = NO;
				ENABLE_STRICT_OBJC_MSGSEND = YES;
				GCC_C_LANGUAGE_STANDARD = gnu11;
				GCC_NO_COMMON_BLOCKS = YES;
				GCC_WARN_64_TO_32_BIT_CONVERSION = YES;
				GCC_WARN_ABOUT_RETURN_TYPE = YES_ERROR;
				GCC_WARN_UNDECLARED_SELECTOR = YES;
				GCC_WARN_UNINITIALIZED_AUTOS = YES_AGGRESSIVE;
				GCC_WARN_UNUSED_FUNCTION = YES;
				GCC_WARN_UNUSED_VARIABLE = YES;
				IPHONEOS_DEPLOYMENT_TARGET = 11.1;
				MTL_ENABLE_DEBUG_INFO = NO;
				SDKROOT = iphoneos;
				SWIFT_OPTIMIZATION_LEVEL = "-Owholemodule";
				VALIDATE_PRODUCT = YES;
			};
			name = Release;
		};
		558A12541F7D7865005EC97C /* Debug */ = {
			isa = XCBuildConfiguration;
			buildSettings = {
				ASSETCATALOG_COMPILER_APPICON_NAME = AppIcon;
				CODE_SIGN_STYLE = Automatic;
				DEVELOPMENT_TEAM = 75E8K39Z38;
				INFOPLIST_FILE = "$(SRCROOT)/Sources/Info.plist";
				IPHONEOS_DEPLOYMENT_TARGET = 9.0;
				LD_RUNPATH_SEARCH_PATHS = "$(inherited) @executable_path/Frameworks";
				PRODUCT_BUNDLE_IDENTIFIER = com.Bulletin.Example;
				PRODUCT_NAME = "$(TARGET_NAME)";
				SWIFT_VERSION = 4.0;
				TARGETED_DEVICE_FAMILY = "1,2";
			};
			name = Debug;
		};
		558A12551F7D7865005EC97C /* Release */ = {
			isa = XCBuildConfiguration;
			buildSettings = {
				ASSETCATALOG_COMPILER_APPICON_NAME = AppIcon;
				CODE_SIGN_STYLE = Automatic;
				DEVELOPMENT_TEAM = 75E8K39Z38;
				INFOPLIST_FILE = "$(SRCROOT)/Sources/Info.plist";
				IPHONEOS_DEPLOYMENT_TARGET = 9.0;
				LD_RUNPATH_SEARCH_PATHS = "$(inherited) @executable_path/Frameworks";
				PRODUCT_BUNDLE_IDENTIFIER = com.Bulletin.Example;
				PRODUCT_NAME = "$(TARGET_NAME)";
				SWIFT_VERSION = 4.0;
				TARGETED_DEVICE_FAMILY = "1,2";
			};
			name = Release;
		};
/* End XCBuildConfiguration section */

/* Begin XCConfigurationList section */
		558A123C1F7D7865005EC97C /* Build configuration list for PBXProject "Example" */ = {
			isa = XCConfigurationList;
			buildConfigurations = (
				558A12511F7D7865005EC97C /* Debug */,
				558A12521F7D7865005EC97C /* Release */,
			);
			defaultConfigurationIsVisible = 0;
			defaultConfigurationName = Release;
		};
		558A12531F7D7865005EC97C /* Build configuration list for PBXNativeTarget "Example" */ = {
			isa = XCConfigurationList;
			buildConfigurations = (
				558A12541F7D7865005EC97C /* Debug */,
				558A12551F7D7865005EC97C /* Release */,
			);
			defaultConfigurationIsVisible = 0;
			defaultConfigurationName = Release;
		};
/* End XCConfigurationList section */
	};
	rootObject = 558A12391F7D7865005EC97C /* Project object */;
}
