// !$*UTF8*$!
{
	archiveVersion = 1;
	classes = {
	};
	objectVersion = 48;
	objects = {

/* Begin PBXAggregateTarget section */
		559F8E9A204DBFE300322949 /* All Demos */ = {
			isa = PBXAggregateTarget;
			buildConfigurationList = 559F8E9B204DBFE300322949 /* Build configuration list for PBXAggregateTarget "All Demos" */;
			buildPhases = (
			);
			dependencies = (
				559F8E9F204DBFED00322949 /* PBXTargetDependency */,
				559F8EA1204DBFED00322949 /* PBXTargetDependency */,
			);
			name = "All Demos";
			productName = "All Demos";
		};
/* End PBXAggregateTarget section */

/* Begin PBXBuildFile section */
		5506756B1F90ADEF00874D8B /* BackgroundStyles.swift in Sources */ = {isa = PBXBuildFile; fileRef = 5506756A1F90ADEF00874D8B /* BackgroundStyles.swift */; };
		550A8C50208DEA550056F3C7 /* BLTNBoard.framework in Frameworks */ = {isa = PBXBuildFile; fileRef = 550A8C4F208DEA550056F3C7 /* BLTNBoard.framework */; };
		550A8C51208DEA550056F3C7 /* BLTNBoard.framework in Embed Frameworks */ = {isa = PBXBuildFile; fileRef = 550A8C4F208DEA550056F3C7 /* BLTNBoard.framework */; settings = {ATTRIBUTES = (CodeSignOnCopy, RemoveHeadersOnCopy, ); }; };
		550A8C53208DEA590056F3C7 /* BLTNBoard.framework in Frameworks */ = {isa = PBXBuildFile; fileRef = 550A8C52208DEA590056F3C7 /* BLTNBoard.framework */; };
		550A8C54208DEA590056F3C7 /* BLTNBoard.framework in Embed Frameworks */ = {isa = PBXBuildFile; fileRef = 550A8C52208DEA590056F3C7 /* BLTNBoard.framework */; settings = {ATTRIBUTES = (CodeSignOnCopy, RemoveHeadersOnCopy, ); }; };
		551CF5E31FBF4985007DFEEA /* CollectionDataSource.m in Sources */ = {isa = PBXBuildFile; fileRef = 551CF5E21FBF4985007DFEEA /* CollectionDataSource.m */; };
		551CF5E61FBF4D14007DFEEA /* SelectionFeedbackGenerator.m in Sources */ = {isa = PBXBuildFile; fileRef = 551CF5E51FBF4D14007DFEEA /* SelectionFeedbackGenerator.m */; };
		551CF5E91FBF4E3F007DFEEA /* SuccessFeedbackGenerator.m in Sources */ = {isa = PBXBuildFile; fileRef = 551CF5E81FBF4E3F007DFEEA /* SuccessFeedbackGenerator.m */; };
		551CF5EC1FBF680D007DFEEA /* BackgroundViewStyle.m in Sources */ = {isa = PBXBuildFile; fileRef = 551CF5EB1FBF680D007DFEEA /* BackgroundViewStyle.m */; };
		551CF5F81FBF8492007DFEEA /* Main-Swift.storyboard in Resources */ = {isa = PBXBuildFile; fileRef = 55D7021C1FBCCA1A00835D8A /* Main-Swift.storyboard */; };
		551CF5FB1FBF849A007DFEEA /* Main-ObjC.storyboard in Resources */ = {isa = PBXBuildFile; fileRef = 551CF5F91FBF849A007DFEEA /* Main-ObjC.storyboard */; };
		558A12451F7D7865005EC97C /* AppDelegate.swift in Sources */ = {isa = PBXBuildFile; fileRef = 558A12441F7D7865005EC97C /* AppDelegate.swift */; };
		558A12471F7D7865005EC97C /* ViewController.swift in Sources */ = {isa = PBXBuildFile; fileRef = 558A12461F7D7865005EC97C /* ViewController.swift */; };
		55B25EFF1FC02AEC003DC295 /* RootViewController.m in Sources */ = {isa = PBXBuildFile; fileRef = 55D7BA701FBC783E0008A602 /* RootViewController.m */; };
		55D702061FBCA4A300835D8A /* BulletinDataSource.m in Sources */ = {isa = PBXBuildFile; fileRef = 55D702051FBCA4A300835D8A /* BulletinDataSource.m */; };
		55D702131FBCC02F00835D8A /* PermissionsManager.m in Sources */ = {isa = PBXBuildFile; fileRef = 55D702121FBCC02F00835D8A /* PermissionsManager.m */; };
		55D7021F1FBCCA1A00835D8A /* LaunchScreen.storyboard in Resources */ = {isa = PBXBuildFile; fileRef = 55D7021A1FBCCA1A00835D8A /* LaunchScreen.storyboard */; };
		55D702211FBCCA1A00835D8A /* Assets.xcassets in Resources */ = {isa = PBXBuildFile; fileRef = 55D7021E1FBCCA1A00835D8A /* Assets.xcassets */; };
		55D702221FBCCA3600835D8A /* Assets.xcassets in Resources */ = {isa = PBXBuildFile; fileRef = 55D7021E1FBCCA1A00835D8A /* Assets.xcassets */; };
		55D7022C1FBCCADC00835D8A /* LaunchScreen.storyboard in Resources */ = {isa = PBXBuildFile; fileRef = 55D7021A1FBCCA1A00835D8A /* LaunchScreen.storyboard */; };
		55D7BA6E1FBC783E0008A602 /* AppDelegate.m in Sources */ = {isa = PBXBuildFile; fileRef = 55D7BA6D1FBC783E0008A602 /* AppDelegate.m */; };
		55D7BA7C1FBC783E0008A602 /* main.m in Sources */ = {isa = PBXBuildFile; fileRef = 55D7BA7B1FBC783E0008A602 /* main.m */; };
		55DADE761F7D7AEA001B11A2 /* BulletinDataSource.swift in Sources */ = {isa = PBXBuildFile; fileRef = 55DADE751F7D7AEA001B11A2 /* BulletinDataSource.swift */; };
		55DADE831F7E4204001B11A2 /* PermissionsManager.swift in Sources */ = {isa = PBXBuildFile; fileRef = 55DADE821F7E4204001B11A2 /* PermissionsManager.swift */; };
		5E437A442489724E009DBF9A /* CustomBulletins.framework in Frameworks */ = {isa = PBXBuildFile; fileRef = 5E437A3D2489724E009DBF9A /* CustomBulletins.framework */; };
		5E437A452489724E009DBF9A /* CustomBulletins.framework in Embed Frameworks */ = {isa = PBXBuildFile; fileRef = 5E437A3D2489724E009DBF9A /* CustomBulletins.framework */; settings = {ATTRIBUTES = (CodeSignOnCopy, RemoveHeadersOnCopy, ); }; };
		5E437A4924897264009DBF9A /* PetSelectorBulletinPage.swift in Sources */ = {isa = PBXBuildFile; fileRef = 55DADE771F7D8B29001B11A2 /* PetSelectorBulletinPage.swift */; };
		5E437A4A24897264009DBF9A /* PetValidationBulletinItem.swift in Sources */ = {isa = PBXBuildFile; fileRef = 553CDD4C1FD6F44B00E18C82 /* PetValidationBulletinItem.swift */; };
		5E437A4B24897264009DBF9A /* TextFieldBulletinPage.swift in Sources */ = {isa = PBXBuildFile; fileRef = 652A87EC1FA24C8B006CDCF6 /* TextFieldBulletinPage.swift */; };
		5E437A4C24897264009DBF9A /* FeedbackPageBulletinItem.swift in Sources */ = {isa = PBXBuildFile; fileRef = 55DADE801F7E3C0B001B11A2 /* FeedbackPageBulletinItem.swift */; };
		5E437A4D24897264009DBF9A /* DatePickerBulletinItem.swift in Sources */ = {isa = PBXBuildFile; fileRef = 55A7B1DA1FE3D858000F80DE /* DatePickerBulletinItem.swift */; };
		5E437A4F248972FA009DBF9A /* CustomBulletins.framework in Frameworks */ = {isa = PBXBuildFile; fileRef = 5E437A3D2489724E009DBF9A /* CustomBulletins.framework */; };
		5E437A50248972FA009DBF9A /* CustomBulletins.framework in Embed Frameworks */ = {isa = PBXBuildFile; fileRef = 5E437A3D2489724E009DBF9A /* CustomBulletins.framework */; settings = {ATTRIBUTES = (CodeSignOnCopy, RemoveHeadersOnCopy, ); }; };
		5E437A542489736E009DBF9A /* BLTNBoard.framework in Frameworks */ = {isa = PBXBuildFile; fileRef = 5E437A532489736E009DBF9A /* BLTNBoard.framework */; };
		5E437A5924897428009DBF9A /* FeedbackGenerators.swift in Sources */ = {isa = PBXBuildFile; fileRef = 55DADE7B1F7E3A53001B11A2 /* FeedbackGenerators.swift */; };
		5E437A5A2489744E009DBF9A /* CollectionUtilities.swift in Sources */ = {isa = PBXBuildFile; fileRef = 55DADE841F7E592F001B11A2 /* CollectionUtilities.swift */; };
/* End PBXBuildFile section */

/* Begin PBXContainerItemProxy section */
		559F8E9E204DBFED00322949 /* PBXContainerItemProxy */ = {
			isa = PBXContainerItemProxy;
			containerPortal = 558A12391F7D7865005EC97C /* Project object */;
			proxyType = 1;
			remoteGlobalIDString = 558A12401F7D7865005EC97C;
			remoteInfo = "BB-Swift";
		};
		559F8EA0204DBFED00322949 /* PBXContainerItemProxy */ = {
			isa = PBXContainerItemProxy;
			containerPortal = 558A12391F7D7865005EC97C /* Project object */;
			proxyType = 1;
			remoteGlobalIDString = 55D7BA691FBC783E0008A602;
			remoteInfo = "BB-ObjC";
		};
		5E437A422489724E009DBF9A /* PBXContainerItemProxy */ = {
			isa = PBXContainerItemProxy;
			containerPortal = 558A12391F7D7865005EC97C /* Project object */;
			proxyType = 1;
			remoteGlobalIDString = 5E437A3C2489724E009DBF9A;
			remoteInfo = CustomBulletins;
		};
		5E437A51248972FA009DBF9A /* PBXContainerItemProxy */ = {
			isa = PBXContainerItemProxy;
			containerPortal = 558A12391F7D7865005EC97C /* Project object */;
			proxyType = 1;
			remoteGlobalIDString = 5E437A3C2489724E009DBF9A;
			remoteInfo = CustomBulletins;
		};
/* End PBXContainerItemProxy section */

/* Begin PBXCopyFilesBuildPhase section */
		550A8C4E208DEA2C0056F3C7 /* Embed Frameworks */ = {
			isa = PBXCopyFilesBuildPhase;
			buildActionMask = 2147483647;
			dstPath = "";
			dstSubfolderSpec = 10;
			files = (
				5E437A452489724E009DBF9A /* CustomBulletins.framework in Embed Frameworks */,
				550A8C51208DEA550056F3C7 /* BLTNBoard.framework in Embed Frameworks */,
			);
			name = "Embed Frameworks";
			runOnlyForDeploymentPostprocessing = 0;
		};
		55D7BA861FBC786B0008A602 /* Embed Frameworks */ = {
			isa = PBXCopyFilesBuildPhase;
			buildActionMask = 2147483647;
			dstPath = "";
			dstSubfolderSpec = 10;
			files = (
				5E437A50248972FA009DBF9A /* CustomBulletins.framework in Embed Frameworks */,
				550A8C54208DEA590056F3C7 /* BLTNBoard.framework in Embed Frameworks */,
			);
			name = "Embed Frameworks";
			runOnlyForDeploymentPostprocessing = 0;
		};
/* End PBXCopyFilesBuildPhase section */

/* Begin PBXFileReference section */
		5506756A1F90ADEF00874D8B /* BackgroundStyles.swift */ = {isa = PBXFileReference; lastKnownFileType = sourcecode.swift; path = BackgroundStyles.swift; sourceTree = "<group>"; };
		550A8C4F208DEA550056F3C7 /* BLTNBoard.framework */ = {isa = PBXFileReference; explicitFileType = wrapper.framework; path = BLTNBoard.framework; sourceTree = BUILT_PRODUCTS_DIR; };
		550A8C52208DEA590056F3C7 /* BLTNBoard.framework */ = {isa = PBXFileReference; explicitFileType = wrapper.framework; path = BLTNBoard.framework; sourceTree = BUILT_PRODUCTS_DIR; };
		551CF5E11FBF4985007DFEEA /* CollectionDataSource.h */ = {isa = PBXFileReference; lastKnownFileType = sourcecode.c.h; name = CollectionDataSource.h; path = "Supporting Files/CollectionDataSource.h"; sourceTree = "<group>"; };
		551CF5E21FBF4985007DFEEA /* CollectionDataSource.m */ = {isa = PBXFileReference; lastKnownFileType = sourcecode.c.objc; name = CollectionDataSource.m; path = "Supporting Files/CollectionDataSource.m"; sourceTree = "<group>"; };
		551CF5E41FBF4D14007DFEEA /* SelectionFeedbackGenerator.h */ = {isa = PBXFileReference; lastKnownFileType = sourcecode.c.h; name = SelectionFeedbackGenerator.h; path = "Supporting Files/SelectionFeedbackGenerator.h"; sourceTree = "<group>"; };
		551CF5E51FBF4D14007DFEEA /* SelectionFeedbackGenerator.m */ = {isa = PBXFileReference; lastKnownFileType = sourcecode.c.objc; name = SelectionFeedbackGenerator.m; path = "Supporting Files/SelectionFeedbackGenerator.m"; sourceTree = "<group>"; };
		551CF5E71FBF4E3F007DFEEA /* SuccessFeedbackGenerator.h */ = {isa = PBXFileReference; lastKnownFileType = sourcecode.c.h; name = SuccessFeedbackGenerator.h; path = "Supporting Files/SuccessFeedbackGenerator.h"; sourceTree = "<group>"; };
		551CF5E81FBF4E3F007DFEEA /* SuccessFeedbackGenerator.m */ = {isa = PBXFileReference; lastKnownFileType = sourcecode.c.objc; name = SuccessFeedbackGenerator.m; path = "Supporting Files/SuccessFeedbackGenerator.m"; sourceTree = "<group>"; };
		551CF5EA1FBF680D007DFEEA /* BackgroundViewStyle.h */ = {isa = PBXFileReference; lastKnownFileType = sourcecode.c.h; path = BackgroundViewStyle.h; sourceTree = "<group>"; };
		551CF5EB1FBF680D007DFEEA /* BackgroundViewStyle.m */ = {isa = PBXFileReference; lastKnownFileType = sourcecode.c.objc; path = BackgroundViewStyle.m; sourceTree = "<group>"; };
		551CF5FA1FBF849A007DFEEA /* Base */ = {isa = PBXFileReference; lastKnownFileType = file.storyboard; name = Base; path = "Main-ObjC.storyboard"; sourceTree = "<group>"; };
		551CF5FD1FBF86F2007DFEEA /* Info-ObjC.plist */ = {isa = PBXFileReference; lastKnownFileType = text.plist.xml; path = "Info-ObjC.plist"; sourceTree = "<group>"; };
		551CF5FE1FBF86F2007DFEEA /* Info.plist */ = {isa = PBXFileReference; lastKnownFileType = text.plist.xml; path = Info.plist; sourceTree = "<group>"; };
		553CDD4C1FD6F44B00E18C82 /* PetValidationBulletinItem.swift */ = {isa = PBXFileReference; lastKnownFileType = sourcecode.swift; path = PetValidationBulletinItem.swift; sourceTree = "<group>"; };
		558A12411F7D7865005EC97C /* BB-Swift.app */ = {isa = PBXFileReference; explicitFileType = wrapper.application; includeInIndex = 0; path = "BB-Swift.app"; sourceTree = BUILT_PRODUCTS_DIR; };
		558A12441F7D7865005EC97C /* AppDelegate.swift */ = {isa = PBXFileReference; lastKnownFileType = sourcecode.swift; path = AppDelegate.swift; sourceTree = "<group>"; };
		558A12461F7D7865005EC97C /* ViewController.swift */ = {isa = PBXFileReference; lastKnownFileType = sourcecode.swift; path = ViewController.swift; sourceTree = "<group>"; };
		5590C07920B945580045C315 /* fr */ = {isa = PBXFileReference; lastKnownFileType = text.plist.strings; name = fr; path = ../fr.lproj/LaunchScreen.strings; sourceTree = "<group>"; };
		5590C07A20B945580045C315 /* fr */ = {isa = PBXFileReference; lastKnownFileType = text.plist.strings; name = fr; path = "../fr.lproj/Main-Swift.strings"; sourceTree = "<group>"; };
		5590C07B20B945580045C315 /* fr */ = {isa = PBXFileReference; lastKnownFileType = text.plist.strings; name = fr; path = "../fr.lproj/Main-ObjC.strings"; sourceTree = "<group>"; };
		5590C07C20B9455D0045C315 /* de */ = {isa = PBXFileReference; lastKnownFileType = text.plist.strings; name = de; path = ../de.lproj/LaunchScreen.strings; sourceTree = "<group>"; };
		5590C07D20B9455D0045C315 /* de */ = {isa = PBXFileReference; lastKnownFileType = text.plist.strings; name = de; path = "../de.lproj/Main-Swift.strings"; sourceTree = "<group>"; };
		5590C07E20B9455D0045C315 /* de */ = {isa = PBXFileReference; lastKnownFileType = text.plist.strings; name = de; path = "../de.lproj/Main-ObjC.strings"; sourceTree = "<group>"; };
		55A7B1DA1FE3D858000F80DE /* DatePickerBulletinItem.swift */ = {isa = PBXFileReference; lastKnownFileType = sourcecode.swift; path = DatePickerBulletinItem.swift; sourceTree = "<group>"; };
		55D702041FBCA4A300835D8A /* BulletinDataSource.h */ = {isa = PBXFileReference; lastKnownFileType = sourcecode.c.h; path = BulletinDataSource.h; sourceTree = "<group>"; };
		55D702051FBCA4A300835D8A /* BulletinDataSource.m */ = {isa = PBXFileReference; lastKnownFileType = sourcecode.c.objc; path = BulletinDataSource.m; sourceTree = "<group>"; };
		55D702111FBCC02F00835D8A /* PermissionsManager.h */ = {isa = PBXFileReference; lastKnownFileType = sourcecode.c.h; name = PermissionsManager.h; path = "Supporting Files/PermissionsManager.h"; sourceTree = "<group>"; };
		55D702121FBCC02F00835D8A /* PermissionsManager.m */ = {isa = PBXFileReference; lastKnownFileType = sourcecode.c.objc; name = PermissionsManager.m; path = "Supporting Files/PermissionsManager.m"; sourceTree = "<group>"; };
		55D7021B1FBCCA1A00835D8A /* Base */ = {isa = PBXFileReference; lastKnownFileType = file.storyboard; name = Base; path = LaunchScreen.storyboard; sourceTree = "<group>"; };
		55D7021D1FBCCA1A00835D8A /* Base */ = {isa = PBXFileReference; lastKnownFileType = file.storyboard; name = Base; path = "Main-Swift.storyboard"; sourceTree = "<group>"; };
		55D7021E1FBCCA1A00835D8A /* Assets.xcassets */ = {isa = PBXFileReference; lastKnownFileType = folder.assetcatalog; path = Assets.xcassets; sourceTree = SOURCE_ROOT; };
		55D7BA6A1FBC783E0008A602 /* BB-ObjC.app */ = {isa = PBXFileReference; explicitFileType = wrapper.application; includeInIndex = 0; path = "BB-ObjC.app"; sourceTree = BUILT_PRODUCTS_DIR; };
		55D7BA6C1FBC783E0008A602 /* AppDelegate.h */ = {isa = PBXFileReference; lastKnownFileType = sourcecode.c.h; path = AppDelegate.h; sourceTree = "<group>"; };
		55D7BA6D1FBC783E0008A602 /* AppDelegate.m */ = {isa = PBXFileReference; lastKnownFileType = sourcecode.c.objc; path = AppDelegate.m; sourceTree = "<group>"; };
		55D7BA6F1FBC783E0008A602 /* RootViewController.h */ = {isa = PBXFileReference; lastKnownFileType = sourcecode.c.h; path = RootViewController.h; sourceTree = "<group>"; };
		55D7BA701FBC783E0008A602 /* RootViewController.m */ = {isa = PBXFileReference; lastKnownFileType = sourcecode.c.objc; path = RootViewController.m; sourceTree = "<group>"; };
		55D7BA7B1FBC783E0008A602 /* main.m */ = {isa = PBXFileReference; lastKnownFileType = sourcecode.c.objc; path = main.m; sourceTree = "<group>"; };
		55DADE751F7D7AEA001B11A2 /* BulletinDataSource.swift */ = {isa = PBXFileReference; lastKnownFileType = sourcecode.swift; path = BulletinDataSource.swift; sourceTree = "<group>"; };
		55DADE771F7D8B29001B11A2 /* PetSelectorBulletinPage.swift */ = {isa = PBXFileReference; lastKnownFileType = sourcecode.swift; path = PetSelectorBulletinPage.swift; sourceTree = "<group>"; };
		55DADE7B1F7E3A53001B11A2 /* FeedbackGenerators.swift */ = {isa = PBXFileReference; lastKnownFileType = sourcecode.swift; path = FeedbackGenerators.swift; sourceTree = "<group>"; };
		55DADE801F7E3C0B001B11A2 /* FeedbackPageBulletinItem.swift */ = {isa = PBXFileReference; lastKnownFileType = sourcecode.swift; path = FeedbackPageBulletinItem.swift; sourceTree = "<group>"; };
		55DADE821F7E4204001B11A2 /* PermissionsManager.swift */ = {isa = PBXFileReference; lastKnownFileType = sourcecode.swift; path = PermissionsManager.swift; sourceTree = "<group>"; };
		55DADE841F7E592F001B11A2 /* CollectionUtilities.swift */ = {isa = PBXFileReference; lastKnownFileType = sourcecode.swift; path = CollectionUtilities.swift; sourceTree = "<group>"; };
		5E437A3D2489724E009DBF9A /* CustomBulletins.framework */ = {isa = PBXFileReference; explicitFileType = wrapper.framework; includeInIndex = 0; path = CustomBulletins.framework; sourceTree = BUILT_PRODUCTS_DIR; };
		5E437A402489724E009DBF9A /* Info.plist */ = {isa = PBXFileReference; lastKnownFileType = text.plist.xml; path = Info.plist; sourceTree = "<group>"; };
		5E437A532489736E009DBF9A /* BLTNBoard.framework */ = {isa = PBXFileReference; explicitFileType = wrapper.framework; path = BLTNBoard.framework; sourceTree = BUILT_PRODUCTS_DIR; };
		652A87EC1FA24C8B006CDCF6 /* TextFieldBulletinPage.swift */ = {isa = PBXFileReference; lastKnownFileType = sourcecode.swift; path = TextFieldBulletinPage.swift; sourceTree = "<group>"; };
/* End PBXFileReference section */

/* Begin PBXFrameworksBuildPhase section */
		558A123E1F7D7865005EC97C /* Frameworks */ = {
			isa = PBXFrameworksBuildPhase;
			buildActionMask = 2147483647;
			files = (
				5E437A442489724E009DBF9A /* CustomBulletins.framework in Frameworks */,
				550A8C50208DEA550056F3C7 /* BLTNBoard.framework in Frameworks */,
			);
			runOnlyForDeploymentPostprocessing = 0;
		};
		55D7BA671FBC783E0008A602 /* Frameworks */ = {
			isa = PBXFrameworksBuildPhase;
			buildActionMask = 2147483647;
			files = (
				5E437A4F248972FA009DBF9A /* CustomBulletins.framework in Frameworks */,
				550A8C53208DEA590056F3C7 /* BLTNBoard.framework in Frameworks */,
			);
			runOnlyForDeploymentPostprocessing = 0;
		};
		5E437A3A2489724E009DBF9A /* Frameworks */ = {
			isa = PBXFrameworksBuildPhase;
			buildActionMask = 2147483647;
			files = (
				5E437A542489736E009DBF9A /* BLTNBoard.framework in Frameworks */,
			);
			runOnlyForDeploymentPostprocessing = 0;
		};
/* End PBXFrameworksBuildPhase section */

/* Begin PBXGroup section */
		551CF5EF1FBF69F3007DFEEA /* Bulletin */ = {
			isa = PBXGroup;
			children = (
				55D702041FBCA4A300835D8A /* BulletinDataSource.h */,
				55D702051FBCA4A300835D8A /* BulletinDataSource.m */,
				551CF5EA1FBF680D007DFEEA /* BackgroundViewStyle.h */,
				551CF5EB1FBF680D007DFEEA /* BackgroundViewStyle.m */,
			);
			path = Bulletin;
			sourceTree = "<group>";
		};
		551CF5FC1FBF86F2007DFEEA /* Configs */ = {
			isa = PBXGroup;
			children = (
				551CF5FD1FBF86F2007DFEEA /* Info-ObjC.plist */,
				551CF5FE1FBF86F2007DFEEA /* Info.plist */,
			);
			path = Configs;
			sourceTree = "<group>";
		};
		558A12381F7D7865005EC97C = {
			isa = PBXGroup;
			children = (
				550A8C52208DEA590056F3C7 /* BLTNBoard.framework */,
				550A8C4F208DEA550056F3C7 /* BLTNBoard.framework */,
				55D7021E1FBCCA1A00835D8A /* Assets.xcassets */,
				551CF5FC1FBF86F2007DFEEA /* Configs */,
				55D702191FBCCA1A00835D8A /* Base.lproj */,
				558A12431F7D7865005EC97C /* Swift */,
				55D7BA6B1FBC783E0008A602 /* ObjC */,
				5E437A3E2489724E009DBF9A /* CustomBulletins */,
				558A12421F7D7865005EC97C /* Products */,
				5E437A4E248972FA009DBF9A /* Frameworks */,
			);
			sourceTree = "<group>";
		};
		558A12421F7D7865005EC97C /* Products */ = {
			isa = PBXGroup;
			children = (
				558A12411F7D7865005EC97C /* BB-Swift.app */,
				55D7BA6A1FBC783E0008A602 /* BB-ObjC.app */,
				5E437A3D2489724E009DBF9A /* CustomBulletins.framework */,
			);
			name = Products;
			sourceTree = "<group>";
		};
		558A12431F7D7865005EC97C /* Swift */ = {
			isa = PBXGroup;
			children = (
				558A12441F7D7865005EC97C /* AppDelegate.swift */,
				558A12461F7D7865005EC97C /* ViewController.swift */,
				55D702161FBCC97B00835D8A /* Bulletin */,
				55DADE7D1F7E3BBA001B11A2 /* Supporting Files */,
			);
			path = Swift;
			sourceTree = "<group>";
		};
		55D7020D1FBCA65100835D8A /* Supporting Files */ = {
			isa = PBXGroup;
			children = (
				55D702111FBCC02F00835D8A /* PermissionsManager.h */,
				55D702121FBCC02F00835D8A /* PermissionsManager.m */,
				551CF5E11FBF4985007DFEEA /* CollectionDataSource.h */,
				551CF5E21FBF4985007DFEEA /* CollectionDataSource.m */,
				551CF5E41FBF4D14007DFEEA /* SelectionFeedbackGenerator.h */,
				551CF5E51FBF4D14007DFEEA /* SelectionFeedbackGenerator.m */,
				551CF5E71FBF4E3F007DFEEA /* SuccessFeedbackGenerator.h */,
				551CF5E81FBF4E3F007DFEEA /* SuccessFeedbackGenerator.m */,
			);
			name = "Supporting Files";
			sourceTree = "<group>";
		};
		55D702161FBCC97B00835D8A /* Bulletin */ = {
			isa = PBXGroup;
			children = (
				55DADE751F7D7AEA001B11A2 /* BulletinDataSource.swift */,
				5506756A1F90ADEF00874D8B /* BackgroundStyles.swift */,
			);
			path = Bulletin;
			sourceTree = "<group>";
		};
		55D702191FBCCA1A00835D8A /* Base.lproj */ = {
			isa = PBXGroup;
			children = (
				55D7021A1FBCCA1A00835D8A /* LaunchScreen.storyboard */,
				55D7021C1FBCCA1A00835D8A /* Main-Swift.storyboard */,
				551CF5F91FBF849A007DFEEA /* Main-ObjC.storyboard */,
			);
			path = Base.lproj;
			sourceTree = SOURCE_ROOT;
		};
		55D7BA6B1FBC783E0008A602 /* ObjC */ = {
			isa = PBXGroup;
			children = (
				55D7BA6C1FBC783E0008A602 /* AppDelegate.h */,
				55D7BA6D1FBC783E0008A602 /* AppDelegate.m */,
				55D7BA6F1FBC783E0008A602 /* RootViewController.h */,
				55D7BA701FBC783E0008A602 /* RootViewController.m */,
				55D7BA7B1FBC783E0008A602 /* main.m */,
				551CF5EF1FBF69F3007DFEEA /* Bulletin */,
				55D7020D1FBCA65100835D8A /* Supporting Files */,
			);
			path = ObjC;
			sourceTree = "<group>";
		};
		55DADE7D1F7E3BBA001B11A2 /* Supporting Files */ = {
			isa = PBXGroup;
			children = (
				55DADE821F7E4204001B11A2 /* PermissionsManager.swift */,
			);
			path = "Supporting Files";
			sourceTree = "<group>";
		};
		5E437A3E2489724E009DBF9A /* CustomBulletins */ = {
			isa = PBXGroup;
			children = (
				55A7B1DA1FE3D858000F80DE /* DatePickerBulletinItem.swift */,
				55DADE771F7D8B29001B11A2 /* PetSelectorBulletinPage.swift */,
				553CDD4C1FD6F44B00E18C82 /* PetValidationBulletinItem.swift */,
				55DADE801F7E3C0B001B11A2 /* FeedbackPageBulletinItem.swift */,
				652A87EC1FA24C8B006CDCF6 /* TextFieldBulletinPage.swift */,
				55DADE841F7E592F001B11A2 /* CollectionUtilities.swift */,
				55DADE7B1F7E3A53001B11A2 /* FeedbackGenerators.swift */,
				5E437A402489724E009DBF9A /* Info.plist */,
			);
			path = CustomBulletins;
			sourceTree = "<group>";
		};
		5E437A4E248972FA009DBF9A /* Frameworks */ = {
			isa = PBXGroup;
			children = (
				5E437A532489736E009DBF9A /* BLTNBoard.framework */,
			);
			name = Frameworks;
			sourceTree = "<group>";
		};
/* End PBXGroup section */

/* Begin PBXHeadersBuildPhase section */
		5E437A382489724E009DBF9A /* Headers */ = {
			isa = PBXHeadersBuildPhase;
			buildActionMask = 2147483647;
			files = (
			);
			runOnlyForDeploymentPostprocessing = 0;
		};
/* End PBXHeadersBuildPhase section */

/* Begin PBXNativeTarget section */
		558A12401F7D7865005EC97C /* BB-Swift */ = {
			isa = PBXNativeTarget;
			buildConfigurationList = 558A12531F7D7865005EC97C /* Build configuration list for PBXNativeTarget "BB-Swift" */;
			buildPhases = (
				558A123D1F7D7865005EC97C /* Sources */,
				558A123E1F7D7865005EC97C /* Frameworks */,
				558A123F1F7D7865005EC97C /* Resources */,
				550A8C4E208DEA2C0056F3C7 /* Embed Frameworks */,
			);
			buildRules = (
			);
			dependencies = (
				5E437A432489724E009DBF9A /* PBXTargetDependency */,
			);
			name = "BB-Swift";
			productName = Example;
			productReference = 558A12411F7D7865005EC97C /* BB-Swift.app */;
			productType = "com.apple.product-type.application";
		};
		55D7BA691FBC783E0008A602 /* BB-ObjC */ = {
			isa = PBXNativeTarget;
			buildConfigurationList = 55D7BA7F1FBC783E0008A602 /* Build configuration list for PBXNativeTarget "BB-ObjC" */;
			buildPhases = (
				55D7BA661FBC783E0008A602 /* Sources */,
				55D7BA671FBC783E0008A602 /* Frameworks */,
				55D7BA681FBC783E0008A602 /* Resources */,
				55D7BA861FBC786B0008A602 /* Embed Frameworks */,
			);
			buildRules = (
			);
			dependencies = (
				5E437A52248972FA009DBF9A /* PBXTargetDependency */,
			);
			name = "BB-ObjC";
			productName = ObjcExample;
			productReference = 55D7BA6A1FBC783E0008A602 /* BB-ObjC.app */;
			productType = "com.apple.product-type.application";
		};
		5E437A3C2489724E009DBF9A /* CustomBulletins */ = {
			isa = PBXNativeTarget;
			buildConfigurationList = 5E437A482489724E009DBF9A /* Build configuration list for PBXNativeTarget "CustomBulletins" */;
			buildPhases = (
				5E437A382489724E009DBF9A /* Headers */,
				5E437A392489724E009DBF9A /* Sources */,
				5E437A3A2489724E009DBF9A /* Frameworks */,
				5E437A3B2489724E009DBF9A /* Resources */,
			);
			buildRules = (
			);
			dependencies = (
			);
			name = CustomBulletins;
			productName = CustomBulletins;
			productReference = 5E437A3D2489724E009DBF9A /* CustomBulletins.framework */;
			productType = "com.apple.product-type.framework";
		};
/* End PBXNativeTarget section */

/* Begin PBXProject section */
		558A12391F7D7865005EC97C /* Project object */ = {
			isa = PBXProject;
			attributes = {
				LastSwiftUpdateCheck = 0910;
				LastUpgradeCheck = 1200;
				ORGANIZATIONNAME = "Alexis Aubry";
				TargetAttributes = {
					558A12401F7D7865005EC97C = {
						CreatedOnToolsVersion = 9.1;
						LastSwiftMigration = 1000;
						ProvisioningStyle = Automatic;
					};
					559F8E9A204DBFE300322949 = {
						CreatedOnToolsVersion = 9.2;
						ProvisioningStyle = Automatic;
					};
					55D7BA691FBC783E0008A602 = {
						CreatedOnToolsVersion = 9.2;
						LastSwiftMigration = 0920;
						ProvisioningStyle = Automatic;
					};
					5E437A3C2489724E009DBF9A = {
						CreatedOnToolsVersion = 11.5;
						ProvisioningStyle = Automatic;
					};
				};
			};
			buildConfigurationList = 558A123C1F7D7865005EC97C /* Build configuration list for PBXProject "Example" */;
			compatibilityVersion = "Xcode 8.0";
			developmentRegion = en;
			hasScannedForEncodings = 0;
			knownRegions = (
				en,
				Base,
				fr,
				de,
			);
			mainGroup = 558A12381F7D7865005EC97C;
			productRefGroup = 558A12421F7D7865005EC97C /* Products */;
			projectDirPath = "";
			projectRoot = "";
			targets = (
				559F8E9A204DBFE300322949 /* All Demos */,
				558A12401F7D7865005EC97C /* BB-Swift */,
				55D7BA691FBC783E0008A602 /* BB-ObjC */,
				5E437A3C2489724E009DBF9A /* CustomBulletins */,
			);
		};
/* End PBXProject section */

/* Begin PBXResourcesBuildPhase section */
		558A123F1F7D7865005EC97C /* Resources */ = {
			isa = PBXResourcesBuildPhase;
			buildActionMask = 2147483647;
			files = (
				551CF5F81FBF8492007DFEEA /* Main-Swift.storyboard in Resources */,
				55D702221FBCCA3600835D8A /* Assets.xcassets in Resources */,
				55D7022C1FBCCADC00835D8A /* LaunchScreen.storyboard in Resources */,
			);
			runOnlyForDeploymentPostprocessing = 0;
		};
		55D7BA681FBC783E0008A602 /* Resources */ = {
			isa = PBXResourcesBuildPhase;
			buildActionMask = 2147483647;
			files = (
				551CF5FB1FBF849A007DFEEA /* Main-ObjC.storyboard in Resources */,
				55D702211FBCCA1A00835D8A /* Assets.xcassets in Resources */,
				55D7021F1FBCCA1A00835D8A /* LaunchScreen.storyboard in Resources */,
			);
			runOnlyForDeploymentPostprocessing = 0;
		};
		5E437A3B2489724E009DBF9A /* Resources */ = {
			isa = PBXResourcesBuildPhase;
			buildActionMask = 2147483647;
			files = (
			);
			runOnlyForDeploymentPostprocessing = 0;
		};
/* End PBXResourcesBuildPhase section */

/* Begin PBXSourcesBuildPhase section */
		558A123D1F7D7865005EC97C /* Sources */ = {
			isa = PBXSourcesBuildPhase;
			buildActionMask = 2147483647;
			files = (
				558A12471F7D7865005EC97C /* ViewController.swift in Sources */,
				5506756B1F90ADEF00874D8B /* BackgroundStyles.swift in Sources */,
				55DADE831F7E4204001B11A2 /* PermissionsManager.swift in Sources */,
				558A12451F7D7865005EC97C /* AppDelegate.swift in Sources */,
				55DADE761F7D7AEA001B11A2 /* BulletinDataSource.swift in Sources */,
			);
			runOnlyForDeploymentPostprocessing = 0;
		};
		55D7BA661FBC783E0008A602 /* Sources */ = {
			isa = PBXSourcesBuildPhase;
			buildActionMask = 2147483647;
			files = (
				551CF5E31FBF4985007DFEEA /* CollectionDataSource.m in Sources */,
				551CF5E91FBF4E3F007DFEEA /* SuccessFeedbackGenerator.m in Sources */,
				551CF5EC1FBF680D007DFEEA /* BackgroundViewStyle.m in Sources */,
				551CF5E61FBF4D14007DFEEA /* SelectionFeedbackGenerator.m in Sources */,
				55B25EFF1FC02AEC003DC295 /* RootViewController.m in Sources */,
				55D7BA7C1FBC783E0008A602 /* main.m in Sources */,
				55D702061FBCA4A300835D8A /* BulletinDataSource.m in Sources */,
				55D702131FBCC02F00835D8A /* PermissionsManager.m in Sources */,
				55D7BA6E1FBC783E0008A602 /* AppDelegate.m in Sources */,
			);
			runOnlyForDeploymentPostprocessing = 0;
		};
		5E437A392489724E009DBF9A /* Sources */ = {
			isa = PBXSourcesBuildPhase;
			buildActionMask = 2147483647;
			files = (
				5E437A4A24897264009DBF9A /* PetValidationBulletinItem.swift in Sources */,
				5E437A4C24897264009DBF9A /* FeedbackPageBulletinItem.swift in Sources */,
				5E437A4924897264009DBF9A /* PetSelectorBulletinPage.swift in Sources */,
				5E437A5A2489744E009DBF9A /* CollectionUtilities.swift in Sources */,
				5E437A4B24897264009DBF9A /* TextFieldBulletinPage.swift in Sources */,
				5E437A5924897428009DBF9A /* FeedbackGenerators.swift in Sources */,
				5E437A4D24897264009DBF9A /* DatePickerBulletinItem.swift in Sources */,
			);
			runOnlyForDeploymentPostprocessing = 0;
		};
/* End PBXSourcesBuildPhase section */

/* Begin PBXTargetDependency section */
		559F8E9F204DBFED00322949 /* PBXTargetDependency */ = {
			isa = PBXTargetDependency;
			target = 558A12401F7D7865005EC97C /* BB-Swift */;
			targetProxy = 559F8E9E204DBFED00322949 /* PBXContainerItemProxy */;
		};
		559F8EA1204DBFED00322949 /* PBXTargetDependency */ = {
			isa = PBXTargetDependency;
			target = 55D7BA691FBC783E0008A602 /* BB-ObjC */;
			targetProxy = 559F8EA0204DBFED00322949 /* PBXContainerItemProxy */;
		};
		5E437A432489724E009DBF9A /* PBXTargetDependency */ = {
			isa = PBXTargetDependency;
			target = 5E437A3C2489724E009DBF9A /* CustomBulletins */;
			targetProxy = 5E437A422489724E009DBF9A /* PBXContainerItemProxy */;
		};
		5E437A52248972FA009DBF9A /* PBXTargetDependency */ = {
			isa = PBXTargetDependency;
			target = 5E437A3C2489724E009DBF9A /* CustomBulletins */;
			targetProxy = 5E437A51248972FA009DBF9A /* PBXContainerItemProxy */;
		};
/* End PBXTargetDependency section */

/* Begin PBXVariantGroup section */
		551CF5F91FBF849A007DFEEA /* Main-ObjC.storyboard */ = {
			isa = PBXVariantGroup;
			children = (
				551CF5FA1FBF849A007DFEEA /* Base */,
				5590C07B20B945580045C315 /* fr */,
				5590C07E20B9455D0045C315 /* de */,
			);
			name = "Main-ObjC.storyboard";
			sourceTree = "<group>";
		};
		55D7021A1FBCCA1A00835D8A /* LaunchScreen.storyboard */ = {
			isa = PBXVariantGroup;
			children = (
				55D7021B1FBCCA1A00835D8A /* Base */,
				5590C07920B945580045C315 /* fr */,
				5590C07C20B9455D0045C315 /* de */,
			);
			name = LaunchScreen.storyboard;
			sourceTree = "<group>";
		};
		55D7021C1FBCCA1A00835D8A /* Main-Swift.storyboard */ = {
			isa = PBXVariantGroup;
			children = (
				55D7021D1FBCCA1A00835D8A /* Base */,
				5590C07A20B945580045C315 /* fr */,
				5590C07D20B9455D0045C315 /* de */,
			);
			name = "Main-Swift.storyboard";
			sourceTree = "<group>";
		};
/* End PBXVariantGroup section */

/* Begin XCBuildConfiguration section */
		558A12511F7D7865005EC97C /* Debug */ = {
			isa = XCBuildConfiguration;
			buildSettings = {
				ALWAYS_SEARCH_USER_PATHS = NO;
				CLANG_ANALYZER_LOCALIZABILITY_NONLOCALIZED = YES;
				CLANG_ANALYZER_NONNULL = YES;
				CLANG_ANALYZER_NUMBER_OBJECT_CONVERSION = YES_AGGRESSIVE;
				CLANG_CXX_LANGUAGE_STANDARD = "gnu++14";
				CLANG_CXX_LIBRARY = "libc++";
				CLANG_ENABLE_MODULES = YES;
				CLANG_ENABLE_OBJC_ARC = YES;
				CLANG_WARN_BLOCK_CAPTURE_AUTORELEASING = YES;
				CLANG_WARN_BOOL_CONVERSION = YES;
				CLANG_WARN_COMMA = YES;
				CLANG_WARN_CONSTANT_CONVERSION = YES;
				CLANG_WARN_DEPRECATED_OBJC_IMPLEMENTATIONS = YES;
				CLANG_WARN_DIRECT_OBJC_ISA_USAGE = YES_ERROR;
				CLANG_WARN_DOCUMENTATION_COMMENTS = YES;
				CLANG_WARN_EMPTY_BODY = YES;
				CLANG_WARN_ENUM_CONVERSION = YES;
				CLANG_WARN_INFINITE_RECURSION = YES;
				CLANG_WARN_INT_CONVERSION = YES;
				CLANG_WARN_NON_LITERAL_NULL_CONVERSION = YES;
				CLANG_WARN_OBJC_IMPLICIT_RETAIN_SELF = YES;
				CLANG_WARN_OBJC_LITERAL_CONVERSION = YES;
				CLANG_WARN_OBJC_ROOT_CLASS = YES_ERROR;
				CLANG_WARN_QUOTED_INCLUDE_IN_FRAMEWORK_HEADER = YES;
				CLANG_WARN_RANGE_LOOP_ANALYSIS = YES;
				CLANG_WARN_STRICT_PROTOTYPES = YES;
				CLANG_WARN_SUSPICIOUS_MOVE = YES;
				CLANG_WARN_UNGUARDED_AVAILABILITY = YES_AGGRESSIVE;
				CLANG_WARN_UNREACHABLE_CODE = YES;
				CLANG_WARN__DUPLICATE_METHOD_MATCH = YES;
				CODE_SIGN_IDENTITY = "iPhone Developer";
				COPY_PHASE_STRIP = NO;
				DEBUG_INFORMATION_FORMAT = dwarf;
				ENABLE_STRICT_OBJC_MSGSEND = YES;
				ENABLE_TESTABILITY = YES;
				GCC_C_LANGUAGE_STANDARD = gnu11;
				GCC_DYNAMIC_NO_PIC = NO;
				GCC_NO_COMMON_BLOCKS = YES;
				GCC_OPTIMIZATION_LEVEL = 0;
				GCC_PREPROCESSOR_DEFINITIONS = (
					"DEBUG=1",
					"$(inherited)",
				);
				GCC_WARN_64_TO_32_BIT_CONVERSION = YES;
				GCC_WARN_ABOUT_RETURN_TYPE = YES_ERROR;
				GCC_WARN_UNDECLARED_SELECTOR = YES;
				GCC_WARN_UNINITIALIZED_AUTOS = YES_AGGRESSIVE;
				GCC_WARN_UNUSED_FUNCTION = YES;
				GCC_WARN_UNUSED_VARIABLE = YES;
				IPHONEOS_DEPLOYMENT_TARGET = 12.0;
				MTL_ENABLE_DEBUG_INFO = YES;
				ONLY_ACTIVE_ARCH = YES;
				SDKROOT = iphoneos;
				SWIFT_ACTIVE_COMPILATION_CONDITIONS = DEBUG;
				SWIFT_OPTIMIZATION_LEVEL = "-Onone";
			};
			name = Debug;
		};
		558A12521F7D7865005EC97C /* Release */ = {
			isa = XCBuildConfiguration;
			buildSettings = {
				ALWAYS_SEARCH_USER_PATHS = NO;
				CLANG_ANALYZER_LOCALIZABILITY_NONLOCALIZED = YES;
				CLANG_ANALYZER_NONNULL = YES;
				CLANG_ANALYZER_NUMBER_OBJECT_CONVERSION = YES_AGGRESSIVE;
				CLANG_CXX_LANGUAGE_STANDARD = "gnu++14";
				CLANG_CXX_LIBRARY = "libc++";
				CLANG_ENABLE_MODULES = YES;
				CLANG_ENABLE_OBJC_ARC = YES;
				CLANG_WARN_BLOCK_CAPTURE_AUTORELEASING = YES;
				CLANG_WARN_BOOL_CONVERSION = YES;
				CLANG_WARN_COMMA = YES;
				CLANG_WARN_CONSTANT_CONVERSION = YES;
				CLANG_WARN_DEPRECATED_OBJC_IMPLEMENTATIONS = YES;
				CLANG_WARN_DIRECT_OBJC_ISA_USAGE = YES_ERROR;
				CLANG_WARN_DOCUMENTATION_COMMENTS = YES;
				CLANG_WARN_EMPTY_BODY = YES;
				CLANG_WARN_ENUM_CONVERSION = YES;
				CLANG_WARN_INFINITE_RECURSION = YES;
				CLANG_WARN_INT_CONVERSION = YES;
				CLANG_WARN_NON_LITERAL_NULL_CONVERSION = YES;
				CLANG_WARN_OBJC_IMPLICIT_RETAIN_SELF = YES;
				CLANG_WARN_OBJC_LITERAL_CONVERSION = YES;
				CLANG_WARN_OBJC_ROOT_CLASS = YES_ERROR;
				CLANG_WARN_QUOTED_INCLUDE_IN_FRAMEWORK_HEADER = YES;
				CLANG_WARN_RANGE_LOOP_ANALYSIS = YES;
				CLANG_WARN_STRICT_PROTOTYPES = YES;
				CLANG_WARN_SUSPICIOUS_MOVE = YES;
				CLANG_WARN_UNGUARDED_AVAILABILITY = YES_AGGRESSIVE;
				CLANG_WARN_UNREACHABLE_CODE = YES;
				CLANG_WARN__DUPLICATE_METHOD_MATCH = YES;
				CODE_SIGN_IDENTITY = "iPhone Developer";
				COPY_PHASE_STRIP = NO;
				DEBUG_INFORMATION_FORMAT = "dwarf-with-dsym";
				ENABLE_NS_ASSERTIONS = NO;
				ENABLE_STRICT_OBJC_MSGSEND = YES;
				GCC_C_LANGUAGE_STANDARD = gnu11;
				GCC_NO_COMMON_BLOCKS = YES;
				GCC_WARN_64_TO_32_BIT_CONVERSION = YES;
				GCC_WARN_ABOUT_RETURN_TYPE = YES_ERROR;
				GCC_WARN_UNDECLARED_SELECTOR = YES;
				GCC_WARN_UNINITIALIZED_AUTOS = YES_AGGRESSIVE;
				GCC_WARN_UNUSED_FUNCTION = YES;
				GCC_WARN_UNUSED_VARIABLE = YES;
				IPHONEOS_DEPLOYMENT_TARGET = 12.0;
				MTL_ENABLE_DEBUG_INFO = NO;
				SDKROOT = iphoneos;
				SWIFT_OPTIMIZATION_LEVEL = "-Owholemodule";
				VALIDATE_PRODUCT = YES;
			};
			name = Release;
		};
		558A12541F7D7865005EC97C /* Debug */ = {
			isa = XCBuildConfiguration;
			buildSettings = {
				ALWAYS_EMBED_SWIFT_STANDARD_LIBRARIES = YES;
				ASSETCATALOG_COMPILER_APPICON_NAME = AppIcon;
				CODE_SIGN_STYLE = Automatic;
				DEVELOPMENT_TEAM = "";
				INFOPLIST_FILE = "$(SRCROOT)/Configs/Info.plist";
				IPHONEOS_DEPLOYMENT_TARGET = 12.0;
				LD_RUNPATH_SEARCH_PATHS = "$(inherited) @executable_path/Frameworks";
				PRODUCT_BUNDLE_IDENTIFIER = "com.BulletinBoard.BB-Swift";
				PRODUCT_NAME = "$(TARGET_NAME)";
				SWIFT_VERSION = 5.0;
				TARGETED_DEVICE_FAMILY = "1,2";
			};
			name = Debug;
		};
		558A12551F7D7865005EC97C /* Release */ = {
			isa = XCBuildConfiguration;
			buildSettings = {
				ALWAYS_EMBED_SWIFT_STANDARD_LIBRARIES = YES;
				ASSETCATALOG_COMPILER_APPICON_NAME = AppIcon;
				CODE_SIGN_STYLE = Automatic;
				DEVELOPMENT_TEAM = "";
				INFOPLIST_FILE = "$(SRCROOT)/Configs/Info.plist";
				IPHONEOS_DEPLOYMENT_TARGET = 12.0;
				LD_RUNPATH_SEARCH_PATHS = "$(inherited) @executable_path/Frameworks";
				PRODUCT_BUNDLE_IDENTIFIER = "com.BulletinBoard.BB-Swift";
				PRODUCT_NAME = "$(TARGET_NAME)";
				SWIFT_VERSION = 5.0;
				TARGETED_DEVICE_FAMILY = "1,2";
			};
			name = Release;
		};
		559F8E9C204DBFE300322949 /* Debug */ = {
			isa = XCBuildConfiguration;
			buildSettings = {
				CODE_SIGN_STYLE = Automatic;
				DEVELOPMENT_TEAM = 75E8K39Z38;
				PRODUCT_NAME = "$(TARGET_NAME)";
			};
			name = Debug;
		};
		559F8E9D204DBFE300322949 /* Release */ = {
			isa = XCBuildConfiguration;
			buildSettings = {
				CODE_SIGN_STYLE = Automatic;
				DEVELOPMENT_TEAM = 75E8K39Z38;
				PRODUCT_NAME = "$(TARGET_NAME)";
			};
			name = Release;
		};
		55D7BA7D1FBC783E0008A602 /* Debug */ = {
			isa = XCBuildConfiguration;
			buildSettings = {
				ALWAYS_EMBED_SWIFT_STANDARD_LIBRARIES = YES;
				ASSETCATALOG_COMPILER_APPICON_NAME = AppIcon;
				CLANG_ENABLE_MODULES = YES;
				CODE_SIGN_STYLE = Automatic;
				DEVELOPMENT_TEAM = "";
				INFOPLIST_FILE = "$(SRCROOT)/Configs/Info-ObjC.plist";
				IPHONEOS_DEPLOYMENT_TARGET = 12.0;
				LD_RUNPATH_SEARCH_PATHS = "$(inherited) @executable_path/Frameworks";
				PRODUCT_BUNDLE_IDENTIFIER = "com.BulletinBoard.BB-ObjC";
				PRODUCT_MODULE_NAME = BBObjC;
				PRODUCT_NAME = "$(TARGET_NAME)";
				SWIFT_OBJC_BRIDGING_HEADER = "$PROJECT_DIR/ObjC/Supporting Files/BridgingHeader.h";
				SWIFT_OPTIMIZATION_LEVEL = "-Onone";
				SWIFT_VERSION = 4.0;
				TARGETED_DEVICE_FAMILY = "1,2";
			};
			name = Debug;
		};
		55D7BA7E1FBC783E0008A602 /* Release */ = {
			isa = XCBuildConfiguration;
			buildSettings = {
				ALWAYS_EMBED_SWIFT_STANDARD_LIBRARIES = YES;
				ASSETCATALOG_COMPILER_APPICON_NAME = AppIcon;
				CLANG_ENABLE_MODULES = YES;
				CODE_SIGN_STYLE = Automatic;
				DEVELOPMENT_TEAM = "";
				INFOPLIST_FILE = "$(SRCROOT)/Configs/Info-ObjC.plist";
				IPHONEOS_DEPLOYMENT_TARGET = 12.0;
				LD_RUNPATH_SEARCH_PATHS = "$(inherited) @executable_path/Frameworks";
				PRODUCT_BUNDLE_IDENTIFIER = "com.BulletinBoard.BB-ObjC";
				PRODUCT_MODULE_NAME = BBObjC;
				PRODUCT_NAME = "$(TARGET_NAME)";
				SWIFT_OBJC_BRIDGING_HEADER = "$PROJECT_DIR/ObjC/Supporting Files/BridgingHeader.h";
				SWIFT_VERSION = 4.0;
				TARGETED_DEVICE_FAMILY = "1,2";
			};
			name = Release;
		};
		5E437A462489724E009DBF9A /* Debug */ = {
			isa = XCBuildConfiguration;
			buildSettings = {
				CLANG_ENABLE_OBJC_WEAK = YES;
				CODE_SIGN_STYLE = Automatic;
				CURRENT_PROJECT_VERSION = 1;
				DEFINES_MODULE = YES;
				DEVELOPMENT_TEAM = "";
				DYLIB_COMPATIBILITY_VERSION = 1;
				DYLIB_CURRENT_VERSION = 1;
				DYLIB_INSTALL_NAME_BASE = "@rpath";
				INFOPLIST_FILE = CustomBulletins/Info.plist;
				INSTALL_PATH = "$(LOCAL_LIBRARY_DIR)/Frameworks";
				IPHONEOS_DEPLOYMENT_TARGET = 12.0;
				LD_RUNPATH_SEARCH_PATHS = "$(inherited) @executable_path/Frameworks @loader_path/Frameworks";
				MTL_ENABLE_DEBUG_INFO = INCLUDE_SOURCE;
				MTL_FAST_MATH = YES;
				PRODUCT_BUNDLE_IDENTIFIER = dev.alexisonline.CustomBulletins;
				PRODUCT_NAME = "$(TARGET_NAME:c99extidentifier)";
				SKIP_INSTALL = YES;
				SWIFT_VERSION = 5.0;
				TARGETED_DEVICE_FAMILY = "1,2";
				VERSIONING_SYSTEM = "apple-generic";
				VERSION_INFO_PREFIX = "";
			};
			name = Debug;
		};
		5E437A472489724E009DBF9A /* Release */ = {
			isa = XCBuildConfiguration;
			buildSettings = {
				CLANG_ENABLE_OBJC_WEAK = YES;
				CODE_SIGN_STYLE = Automatic;
				CURRENT_PROJECT_VERSION = 1;
				DEFINES_MODULE = YES;
				DEVELOPMENT_TEAM = "";
				DYLIB_COMPATIBILITY_VERSION = 1;
				DYLIB_CURRENT_VERSION = 1;
				DYLIB_INSTALL_NAME_BASE = "@rpath";
				INFOPLIST_FILE = CustomBulletins/Info.plist;
				INSTALL_PATH = "$(LOCAL_LIBRARY_DIR)/Frameworks";
				IPHONEOS_DEPLOYMENT_TARGET = 12.0;
				LD_RUNPATH_SEARCH_PATHS = "$(inherited) @executable_path/Frameworks @loader_path/Frameworks";
				MTL_FAST_MATH = YES;
				PRODUCT_BUNDLE_IDENTIFIER = dev.alexisonline.CustomBulletins;
				PRODUCT_NAME = "$(TARGET_NAME:c99extidentifier)";
				SKIP_INSTALL = YES;
				SWIFT_VERSION = 5.0;
				TARGETED_DEVICE_FAMILY = "1,2";
				VERSIONING_SYSTEM = "apple-generic";
				VERSION_INFO_PREFIX = "";
			};
			name = Release;
		};
/* End XCBuildConfiguration section */

/* Begin XCConfigurationList section */
		558A123C1F7D7865005EC97C /* Build configuration list for PBXProject "Example" */ = {
			isa = XCConfigurationList;
			buildConfigurations = (
				558A12511F7D7865005EC97C /* Debug */,
				558A12521F7D7865005EC97C /* Release */,
			);
			defaultConfigurationIsVisible = 0;
			defaultConfigurationName = Release;
		};
		558A12531F7D7865005EC97C /* Build configuration list for PBXNativeTarget "BB-Swift" */ = {
			isa = XCConfigurationList;
			buildConfigurations = (
				558A12541F7D7865005EC97C /* Debug */,
				558A12551F7D7865005EC97C /* Release */,
			);
			defaultConfigurationIsVisible = 0;
			defaultConfigurationName = Release;
		};
		559F8E9B204DBFE300322949 /* Build configuration list for PBXAggregateTarget "All Demos" */ = {
			isa = XCConfigurationList;
			buildConfigurations = (
				559F8E9C204DBFE300322949 /* Debug */,
				559F8E9D204DBFE300322949 /* Release */,
			);
			defaultConfigurationIsVisible = 0;
			defaultConfigurationName = Release;
		};
		55D7BA7F1FBC783E0008A602 /* Build configuration list for PBXNativeTarget "BB-ObjC" */ = {
			isa = XCConfigurationList;
			buildConfigurations = (
				55D7BA7D1FBC783E0008A602 /* Debug */,
				55D7BA7E1FBC783E0008A602 /* Release */,
			);
			defaultConfigurationIsVisible = 0;
			defaultConfigurationName = Release;
		};
		5E437A482489724E009DBF9A /* Build configuration list for PBXNativeTarget "CustomBulletins" */ = {
			isa = XCConfigurationList;
			buildConfigurations = (
				5E437A462489724E009DBF9A /* Debug */,
				5E437A472489724E009DBF9A /* Release */,
			);
			defaultConfigurationIsVisible = 0;
			defaultConfigurationName = Release;
		};
/* End XCConfigurationList section */
	};
	rootObject = 558A12391F7D7865005EC97C /* Project object */;
}
